{
  "requires": true,
  "lockfileVersion": 1,
  "dependencies": {
    "body-scroll-lock": {
      "version": "2.6.4",
      "resolved": "https://registry.npmjs.org/body-scroll-lock/-/body-scroll-lock-2.6.4.tgz",
      "integrity": "sha512-NP08WsovlmxEoZP9pdlqrE+AhNaivlTrz9a0FF37BQsnOrpN48eNqivKkE7SYpM9N+YIPjsdVzfLAUQDBm6OQw=="
    },
    "date-fns": {
      "version": "2.10.0",
      "resolved": "https://registry.npmjs.org/date-fns/-/date-fns-2.10.0.tgz",
      "integrity": "sha512-EhfEKevYGWhWlZbNeplfhIU/+N+x0iCIx7VzKlXma2EdQyznVlZhCptXUY+BegNpPW2kjdx15Rvq503YcXXrcA=="
    },
    "date-format-parse": {
      "version": "0.2.5",
      "resolved": "https://registry.npmjs.org/date-format-parse/-/date-format-parse-0.2.5.tgz",
      "integrity": "sha512-PzvB3p9bTxrGQbz3ZlO/kxgXzKZhMo4l0OQfPqVYjuwixHRS9yHH6cUJI9JG2Hh6iUQgh17T7w95lzQ131dS/g=="
    },
    "opencollective-postinstall": {
      "version": "2.0.2",
      "resolved": "https://registry.npmjs.org/opencollective-postinstall/-/opencollective-postinstall-2.0.2.tgz",
      "integrity": "sha512-pVOEP16TrAO2/fjej1IdOyupJY8KDUM1CvsaScRbw6oddvpQoOfGk4ywha0HKKVAD6RkW4x6Q+tNBwhf3Bgpuw=="
    },
    "popper.js": {
      "version": "1.16.1",
      "resolved": "https://registry.npmjs.org/popper.js/-/popper.js-1.16.1.tgz",
      "integrity": "sha512-Wb4p1J4zyFTbM+u6WuO4XstYx4Ky9Cewe4DWrel7B0w6VVICvPwdOpotjzcf6eD8TsckVnIMNONQyPIUFOUbCQ=="
    },
    "vue": {
      "version": "2.6.11",
      "resolved": "https://registry.npmjs.org/vue/-/vue-2.6.11.tgz",
      "integrity": "sha512-VfPwgcGABbGAue9+sfrD4PuwFar7gPb1yl1UK1MwXoQPAw0BKSqWfoYCT/ThFrdEVWoI51dBuyCoiNU9bZDZxQ=="
    },
    "vue-popperjs": {
      "version": "2.3.0",
      "resolved": "https://registry.npmjs.org/vue-popperjs/-/vue-popperjs-2.3.0.tgz",
      "integrity": "sha512-925QEeNjlMtb3eDHl5ZlODJzqnQL0nQPEKpr9aQ3XBg21DyqAdfLgD/At4svsPwFeIkpdF1gvHarENon47L9Cg==",
      "requires": {
        "opencollective-postinstall": "^2.0.2",
        "popper.js": "^1.15.0"
      }
    },
    "vue-tailwind": {
      "version": "0.4.6",
      "resolved": "https://registry.npmjs.org/vue-tailwind/-/vue-tailwind-0.4.6.tgz",
      "integrity": "sha512-+vpiCCeiH2CoHGamfBXnei3Uc4yYfok6tPBm/YNtJ1VzTOSJML5VtHveMFfCtTPvA9Hg0xdeVs32ktNqrbHInQ==",
      "requires": {
        "body-scroll-lock": "^2.6.4",
        "vue": "^2.6.10",
        "vue-popperjs": "^2.1.0",
        "vue2-datepicker": "^3.3.1"
      }
    },
    "vue2-datepicker": {
      "version": "3.4.1",
      "resolved": "https://registry.npmjs.org/vue2-datepicker/-/vue2-datepicker-3.4.1.tgz",
      "integrity": "sha512-gCPZAwIyPLeN1P3xDg/Oj/UyQTIqnoFFzXw+yfvmUDxL430u/rHq1/JqFSGISEhTvJJu0brgHHrop3A7VBW6rA==",
      "requires": {
        "date-fns": "^2.0.1",
        "date-format-parse": "^0.2.5"
      }
    }
  }
}
